
Microsoft Visual Studio Solution File, Format Version 12.00
# Visual Studio 15
VisualStudioVersion = 15.0.28307.271
MinimumVisualStudioVersion = 10.0.40219.1
Project("{FAE04EC0-301F-11D3-BF4B-00C04F79EFBC}") = "WindowsRayCasting", "WindowsRayCasting.csproj", "{30DCDCE8-B659-4045-9328-837B57DFA7F0}"
EndProject
Global
	GlobalSection(SubversionScc) = preSolution
		Svn-Managed = True
		Manager = AnkhSVN - Subversion Support for Visual Studio
	EndGlobalSection
	GlobalSection(SolutionConfigurationPlatforms) = preSolution
		Debug|Any CPU = Debug|Any CPU
		Release|Any CPU = Release|Any CPU
	EndGlobalSection
	GlobalSection(ProjectConfigurationPlatforms) = postSolution
		{30DCDCE8-B659-4045-9328-837B57DFA7F0}.Debug|Any CPU.ActiveCfg = Debug|Any CPU
		{30DCDCE8-B659-4045-9328-837B57DFA7F0}.Debug|Any CPU.Build.0 = Debug|Any CPU
		{30DCDCE8-B659-4045-9328-837B57DFA7F0}.Release|Any CPU.ActiveCfg = Release|Any CPU
		{30DCDCE8-B659-4045-9328-837B57DFA7F0}.Release|Any CPU.Build.0 = Release|Any CPU
	EndGlobalSection
	GlobalSection(SolutionProperties) = preSolution
		HideSolutionNode = FALSE
	EndGlobalSection
	GlobalSection(ExtensibilityGlobals) = postSolution
		SolutionGuid = {507EAC97-5DCE-480E-B3C3-38968B06DC2B}
	EndGlobalSection
EndGlobal
